
Microsoft Visual Studio Solution File, Format Version 12.00
# Visual Studio Version 16
VisualStudioVersion = 16.0.31019.35
MinimumVisualStudioVersion = 10.0.40219.1
Project("{FAE04EC0-301F-11D3-BF4B-00C04F79EFBC}") = "NATPY", "NATPY.csproj", "{6C65AD9D-73BB-4174-AAB4-B7D91CA13853}"
EndProject
Global
	GlobalSection(SolutionConfigurationPlatforms) = preSolution
		Debug|Any CPU = Debug|Any CPU
		Release|Any CPU = Release|Any CPU
	EndGlobalSection
	GlobalSection(ProjectConfigurationPlatforms) = postSolution
		{6C65AD9D-73BB-4174-AAB4-B7D91CA13853}.Debug|Any CPU.ActiveCfg = Debug|Any CPU
		{6C65AD9D-73BB-4174-AAB4-B7D91CA13853}.Debug|Any CPU.Build.0 = Debug|Any CPU
		{6C65AD9D-73BB-4174-AAB4-B7D91CA13853}.Release|Any CPU.ActiveCfg = Release|Any CPU
		{6C65AD9D-73BB-4174-AAB4-B7D91CA13853}.Release|Any CPU.Build.0 = Release|Any CPU
	EndGlobalSection
	GlobalSection(SolutionProperties) = preSolution
		HideSolutionNode = FALSE
	EndGlobalSection
	GlobalSection(ExtensibilityGlobals) = postSolution
		SolutionGuid = {B668188B-C838-4457-8963-014864075414}
	EndGlobalSection
EndGlobal
